[[package]]
name = "babel"
version = "2.10.1"
description = "Internationalization utilities"
category = "main"
optional = false
python-versions = ">=3.6"

[package.dependencies]
pytz = ">=2015.7"

[[package]]
name = "et-xmlfile"
version = "1.1.0"
description = "An implementation of lxml.xmlfile for the standard library"
category = "main"
optional = false
python-versions = ">=3.6"

[[package]]
name = "numpy"
version = "1.22.2"
description = "NumPy is the fundamental package for array computing with Python."
category = "main"
optional = false
python-versions = ">=3.8"

[[package]]
name = "openpyxl"
version = "3.0.9"
description = "A Python library to read/write Excel 2010 xlsx/xlsm files"
category = "main"
optional = false
python-versions = ">=3.6"

[package.dependencies]
et-xmlfile = "*"

[[package]]
name = "pandas"
version = "1.5.0"
description = "Powerful data structures for data analysis, time series, and statistics"
category = "main"
optional = false
python-versions = ">=3.8"

[package.dependencies]
numpy = {version = ">=1.20.3", markers = "python_version < \"3.10\""}
python-dateutil = ">=2.8.1"
pytz = ">=2020.1"

[package.extras]
test = ["pytest-xdist (>=1.31)", "pytest (>=6.0)", "hypothesis (>=5.5.3)"]

[[package]]
name = "python-dateutil"
version = "2.8.2"
description = "Extensions to the standard Python datetime module"
category = "main"
optional = false
python-versions = "!=3.0.*,!=3.1.*,!=3.2.*,>=2.7"

[package.dependencies]
six = ">=1.5"

[[package]]
name = "pytz"
version = "2022.1"
description = "World timezone definitions, modern and historical"
category = "main"
optional = false
python-versions = "*"

[[package]]
name = "six"
version = "1.16.0"
description = "Python 2 and 3 compatibility utilities"
category = "main"
optional = false
python-versions = ">=2.7, !=3.0.*, !=3.1.*, !=3.2.*"

[[package]]
name = "tkcalendar"
version = "1.6.1"
description = "Calendar and DateEntry widgets for Tkinter"
category = "main"
optional = false
python-versions = "*"

[package.dependencies]
babel = "*"

[metadata]
lock-version = "1.1"
python-versions = ">=3.8.0,<3.9"
content-hash = "6c9e72dc3209aee94904beaad94c6b82efc388b17289fca85bd50efc70ddf222"

[metadata.files]
babel = []
et-xmlfile = []
numpy = []
openpyxl = []
pandas = []
python-dateutil = []
pytz = []
six = []
tkcalendar = []
